
Microsoft Visual Studio Solution File, Format Version 12.00
# Visual Studio Express 2013 for Windows Desktop
VisualStudioVersion = 12.0.31101.0
MinimumVisualStudioVersion = 10.0.40219.1
Project("{FAE04EC0-301F-11D3-BF4B-00C04F79EFBC}") = "MongoDB", "MongoDB\MongoDB.csproj", "{2AA09E76-FA77-46AC-B97A-4B3C2660514F}"
EndProject
Project("{FAE04EC0-301F-11D3-BF4B-00C04F79EFBC}") = "MongoDB.Test", "MongoDB.Test\MongoDB.Test.csproj", "{7EA11159-4978-4E66-BB81-C57641D4E187}"
EndProject
Global
	GlobalSection(SolutionConfigurationPlatforms) = preSolution
		Debug|Any CPU = Debug|Any CPU
		Release|Any CPU = Release|Any CPU
	EndGlobalSection
	GlobalSection(ProjectConfigurationPlatforms) = postSolution
		{2AA09E76-FA77-46AC-B97A-4B3C2660514F}.Debug|Any CPU.ActiveCfg = Debug|Any CPU
		{2AA09E76-FA77-46AC-B97A-4B3C2660514F}.Debug|Any CPU.Build.0 = Debug|Any CPU
		{2AA09E76-FA77-46AC-B97A-4B3C2660514F}.Release|Any CPU.ActiveCfg = Release|Any CPU
		{2AA09E76-FA77-46AC-B97A-4B3C2660514F}.Release|Any CPU.Build.0 = Release|Any CPU
		{7EA11159-4978-4E66-BB81-C57641D4E187}.Debug|Any CPU.ActiveCfg = Debug|Any CPU
		{7EA11159-4978-4E66-BB81-C57641D4E187}.Debug|Any CPU.Build.0 = Debug|Any CPU
		{7EA11159-4978-4E66-BB81-C57641D4E187}.Release|Any CPU.ActiveCfg = Release|Any CPU
		{7EA11159-4978-4E66-BB81-C57641D4E187}.Release|Any CPU.Build.0 = Release|Any CPU
	EndGlobalSection
	GlobalSection(SolutionProperties) = preSolution
		HideSolutionNode = FALSE
	EndGlobalSection
EndGlobal
